// !$*UTF8*$!
{
	archiveVersion = 1;
	classes = {
	};
	objectVersion = 56;
	objects = {

/* Begin PBXFileReference section */
		13775FF62E9A66AB00F30531 /* Variables.playground */ = {isa = PBXFileReference; lastKnownFileType = file.playground; path = Variables.playground; sourceTree = "<group>"; xcLanguageSpecificationIdentifier = xcode.lang.swift; };
/* End PBXFileReference section */

/* Begin PBXGroup section */
		13775FEF2E9A667B00F30531 = {
			isa = PBXGroup;
			children = (
				13775FF62E9A66AB00F30531 /* Variables.playground */,
			);
			sourceTree = "<group>";
		};
/* End PBXGroup section */

/* Begin PBXProject section */
		13775FF02E9A667B00F30531 /* Project object */ = {
			isa = PBXProject;
			attributes = {
				BuildIndependentTargetsInParallel = 1;
				LastUpgradeCheck = 1420;
			};
			buildConfigurationList = 13775FF32E9A667B00F30531 /* Build configuration list for PBXProject "Curso de fundamientos de Swift" */;
			compatibilityVersion = "Xcode 14.0";
			developmentRegion = en;
			hasScannedForEncodings = 0;
			knownRegions = (
				en,
				Base,
			);
			mainGroup = 13775FEF2E9A667B00F30531;
			projectDirPath = "";
			projectRoot = "";
			targets = (
			);
		};
/* End PBXProject section */

/* Begin XCBuildConfiguration section */
		13775FF42E9A667B00F30531 /* Debug */ = {
			isa = XCBuildConfiguration;
			buildSettings = {
			};
			name = Debug;
		};
		13775FF52E9A667B00F30531 /* Release */ = {
			isa = XCBuildConfiguration;
			buildSettings = {
			};
			name = Release;
		};
/* End XCBuildConfiguration section */

/* Begin XCConfigurationList section */
		13775FF32E9A667B00F30531 /* Build configuration list for PBXProject "Curso de fundamientos de Swift" */ = {
			isa = XCConfigurationList;
			buildConfigurations = (
				13775FF42E9A667B00F30531 /* Debug */,
				13775FF52E9A667B00F30531 /* Release */,
			);
			defaultConfigurationIsVisible = 0;
			defaultConfigurationName = Release;
		};
/* End XCConfigurationList section */
	};
	rootObject = 13775FF02E9A667B00F30531 /* Project object */;
}
